
Microsoft Visual Studio Solution File, Format Version 12.00
# Visual Studio Version 16
VisualStudioVersion = 16.0.32106.194
MinimumVisualStudioVersion = 10.0.40219.1
Project("{2150E333-8FDC-42A3-9474-1A3956D46DE8}") = "Core", "Core", "{00E4370B-5362-4147-89C0-DDE6C19406D0}"
EndProject
Project("{2150E333-8FDC-42A3-9474-1A3956D46DE8}") = "Infrastructure", "Infrastructure", "{2EF76D1A-EE51-4EC6-A4CE-B8D400F27235}"
EndProject
Project("{2150E333-8FDC-42A3-9474-1A3956D46DE8}") = "Presentation", "Presentation", "{29DC103A-5398-4EFF-885A-B5FD36C3033E}"
EndProject
Project("{2150E333-8FDC-42A3-9474-1A3956D46DE8}") = "Service", "Service", "{AB8009D8-CE36-4B4E-9A64-D7E7FB2801D3}"
EndProject
Project("{9A19103F-16F7-4668-BE54-9A1E7A4F7556}") = "Domain", "Domain\Domain.csproj", "{49DA80A7-30DB-4F8F-9D6D-DB356EEF8BCE}"
EndProject
Project("{9A19103F-16F7-4668-BE54-9A1E7A4F7556}") = "UI", "UI\UI.csproj", "{4C34CEF7-B7A8-4813-AA0B-5AB6DDB32798}"
EndProject
Project("{9A19103F-16F7-4668-BE54-9A1E7A4F7556}") = "Persistense", "Persistense\Persistense.csproj", "{43DAF155-2C29-4514-90A0-32F891F04384}"
EndProject
Project("{9A19103F-16F7-4668-BE54-9A1E7A4F7556}") = "API", "API\API.csproj", "{8F3A1677-162F-424F-A1C7-12F3B92C605A}"
EndProject
Project("{9A19103F-16F7-4668-BE54-9A1E7A4F7556}") = "Application", "BusinessRules\Application.csproj", "{FE3941A9-161B-4861-AD93-7168EC2960D1}"
EndProject
Project("{2150E333-8FDC-42A3-9474-1A3956D46DE8}") = "Tests", "Tests", "{7BF89377-31E7-41AC-B113-AD477441E0F9}"
EndProject
Project("{FAE04EC0-301F-11D3-BF4B-00C04F79EFBC}") = "Api.Tests", "Api.Tests\Api.Tests.csproj", "{0A813D58-0626-4856-8BDA-C72E3786A4D8}"
EndProject
Global
	GlobalSection(SolutionConfigurationPlatforms) = preSolution
		Debug|Any CPU = Debug|Any CPU
		Release|Any CPU = Release|Any CPU
	EndGlobalSection
	GlobalSection(ProjectConfigurationPlatforms) = postSolution
		{49DA80A7-30DB-4F8F-9D6D-DB356EEF8BCE}.Debug|Any CPU.ActiveCfg = Debug|Any CPU
		{49DA80A7-30DB-4F8F-9D6D-DB356EEF8BCE}.Debug|Any CPU.Build.0 = Debug|Any CPU
		{49DA80A7-30DB-4F8F-9D6D-DB356EEF8BCE}.Release|Any CPU.ActiveCfg = Release|Any CPU
		{49DA80A7-30DB-4F8F-9D6D-DB356EEF8BCE}.Release|Any CPU.Build.0 = Release|Any CPU
		{4C34CEF7-B7A8-4813-AA0B-5AB6DDB32798}.Debug|Any CPU.ActiveCfg = Debug|Any CPU
		{4C34CEF7-B7A8-4813-AA0B-5AB6DDB32798}.Debug|Any CPU.Build.0 = Debug|Any CPU
		{4C34CEF7-B7A8-4813-AA0B-5AB6DDB32798}.Release|Any CPU.ActiveCfg = Release|Any CPU
		{4C34CEF7-B7A8-4813-AA0B-5AB6DDB32798}.Release|Any CPU.Build.0 = Release|Any CPU
		{43DAF155-2C29-4514-90A0-32F891F04384}.Debug|Any CPU.ActiveCfg = Debug|Any CPU
		{43DAF155-2C29-4514-90A0-32F891F04384}.Debug|Any CPU.Build.0 = Debug|Any CPU
		{43DAF155-2C29-4514-90A0-32F891F04384}.Release|Any CPU.ActiveCfg = Release|Any CPU
		{43DAF155-2C29-4514-90A0-32F891F04384}.Release|Any CPU.Build.0 = Release|Any CPU
		{8F3A1677-162F-424F-A1C7-12F3B92C605A}.Debug|Any CPU.ActiveCfg = Debug|Any CPU
		{8F3A1677-162F-424F-A1C7-12F3B92C605A}.Debug|Any CPU.Build.0 = Debug|Any CPU
		{8F3A1677-162F-424F-A1C7-12F3B92C605A}.Release|Any CPU.ActiveCfg = Release|Any CPU
		{8F3A1677-162F-424F-A1C7-12F3B92C605A}.Release|Any CPU.Build.0 = Release|Any CPU
		{FE3941A9-161B-4861-AD93-7168EC2960D1}.Debug|Any CPU.ActiveCfg = Debug|Any CPU
		{FE3941A9-161B-4861-AD93-7168EC2960D1}.Debug|Any CPU.Build.0 = Debug|Any CPU
		{FE3941A9-161B-4861-AD93-7168EC2960D1}.Release|Any CPU.ActiveCfg = Release|Any CPU
		{FE3941A9-161B-4861-AD93-7168EC2960D1}.Release|Any CPU.Build.0 = Release|Any CPU
		{0A813D58-0626-4856-8BDA-C72E3786A4D8}.Debug|Any CPU.ActiveCfg = Debug|Any CPU
		{0A813D58-0626-4856-8BDA-C72E3786A4D8}.Debug|Any CPU.Build.0 = Debug|Any CPU
		{0A813D58-0626-4856-8BDA-C72E3786A4D8}.Release|Any CPU.ActiveCfg = Release|Any CPU
		{0A813D58-0626-4856-8BDA-C72E3786A4D8}.Release|Any CPU.Build.0 = Release|Any CPU
	EndGlobalSection
	GlobalSection(SolutionProperties) = preSolution
		HideSolutionNode = FALSE
	EndGlobalSection
	GlobalSection(NestedProjects) = preSolution
		{49DA80A7-30DB-4F8F-9D6D-DB356EEF8BCE} = {00E4370B-5362-4147-89C0-DDE6C19406D0}
		{4C34CEF7-B7A8-4813-AA0B-5AB6DDB32798} = {29DC103A-5398-4EFF-885A-B5FD36C3033E}
		{43DAF155-2C29-4514-90A0-32F891F04384} = {2EF76D1A-EE51-4EC6-A4CE-B8D400F27235}
		{8F3A1677-162F-424F-A1C7-12F3B92C605A} = {29DC103A-5398-4EFF-885A-B5FD36C3033E}
		{FE3941A9-161B-4861-AD93-7168EC2960D1} = {AB8009D8-CE36-4B4E-9A64-D7E7FB2801D3}
		{0A813D58-0626-4856-8BDA-C72E3786A4D8} = {7BF89377-31E7-41AC-B113-AD477441E0F9}
	EndGlobalSection
	GlobalSection(ExtensibilityGlobals) = postSolution
		SolutionGuid = {022BF6ED-C3EB-4EE0-82CE-4ACBE4110588}
	EndGlobalSection
EndGlobal
